
Microsoft Visual Studio Solution File, Format Version 12.00
# Visual Studio Version 17
VisualStudioVersion = 17.10.35027.167
MinimumVisualStudioVersion = 10.0.40219.1
Project("{FAE04EC0-301F-11D3-BF4B-00C04F79EFBC}") = "CSApp.WinForms.Part2.Example1.WinQuestion", "CSApp.WinForms.Part2.Example1.WinQuestion\CSApp.WinForms.Part2.Example1.WinQuestion.csproj", "{843D1052-B29A-4637-A383-A50CC15CCD44}"
EndProject
Project("{FAE04EC0-301F-11D3-BF4B-00C04F79EFBC}") = "CSApp.WinForms.Part2.Example2.TestList", "CSApp.WinForms.Part2.Example2.TestList\CSApp.WinForms.Part2.Example2.TestList.csproj", "{2F6D00E8-8BCD-4BD7-9E86-85F63D2ACD46}"
EndProject
Project("{FAE04EC0-301F-11D3-BF4B-00C04F79EFBC}") = "CSApp.WinForms.Part2.Example3.WinContainer", "CSApp.WinForms.Part2.Example3.WinContainer\CSApp.WinForms.Part2.Example3.WinContainer.csproj", "{42EDEB6F-6DA0-44AC-B121-C43A7D12D203}"
EndProject
Global
	GlobalSection(SolutionConfigurationPlatforms) = preSolution
		Debug|Any CPU = Debug|Any CPU
		Release|Any CPU = Release|Any CPU
	EndGlobalSection
	GlobalSection(ProjectConfigurationPlatforms) = postSolution
		{843D1052-B29A-4637-A383-A50CC15CCD44}.Debug|Any CPU.ActiveCfg = Debug|Any CPU
		{843D1052-B29A-4637-A383-A50CC15CCD44}.Debug|Any CPU.Build.0 = Debug|Any CPU
		{843D1052-B29A-4637-A383-A50CC15CCD44}.Release|Any CPU.ActiveCfg = Release|Any CPU
		{843D1052-B29A-4637-A383-A50CC15CCD44}.Release|Any CPU.Build.0 = Release|Any CPU
		{2F6D00E8-8BCD-4BD7-9E86-85F63D2ACD46}.Debug|Any CPU.ActiveCfg = Debug|Any CPU
		{2F6D00E8-8BCD-4BD7-9E86-85F63D2ACD46}.Debug|Any CPU.Build.0 = Debug|Any CPU
		{2F6D00E8-8BCD-4BD7-9E86-85F63D2ACD46}.Release|Any CPU.ActiveCfg = Release|Any CPU
		{2F6D00E8-8BCD-4BD7-9E86-85F63D2ACD46}.Release|Any CPU.Build.0 = Release|Any CPU
		{42EDEB6F-6DA0-44AC-B121-C43A7D12D203}.Debug|Any CPU.ActiveCfg = Debug|Any CPU
		{42EDEB6F-6DA0-44AC-B121-C43A7D12D203}.Debug|Any CPU.Build.0 = Debug|Any CPU
		{42EDEB6F-6DA0-44AC-B121-C43A7D12D203}.Release|Any CPU.ActiveCfg = Release|Any CPU
		{42EDEB6F-6DA0-44AC-B121-C43A7D12D203}.Release|Any CPU.Build.0 = Release|Any CPU
	EndGlobalSection
	GlobalSection(SolutionProperties) = preSolution
		HideSolutionNode = FALSE
	EndGlobalSection
	GlobalSection(ExtensibilityGlobals) = postSolution
		SolutionGuid = {36435F9A-A41F-4087-8A4A-783B7BB08646}
	EndGlobalSection
EndGlobal
